
Microsoft Visual Studio Solution File, Format Version 12.00
# Visual Studio Version 17
VisualStudioVersion = 17.0.32014.148
MinimumVisualStudioVersion = 10.0.40219.1
Project("{FAE04EC0-301F-11D3-BF4B-00C04F79EFBC}") = "CV", "CV\CV.csproj", "{1A84DB8D-DD0E-487A-A89D-02F437C403E9}"
EndProject
Global
	GlobalSection(SolutionConfigurationPlatforms) = preSolution
		Debug|Any CPU = Debug|Any CPU
		Release|Any CPU = Release|Any CPU
	EndGlobalSection
	GlobalSection(ProjectConfigurationPlatforms) = postSolution
		{1A84DB8D-DD0E-487A-A89D-02F437C403E9}.Debug|Any CPU.ActiveCfg = Debug|Any CPU
		{1A84DB8D-DD0E-487A-A89D-02F437C403E9}.Debug|Any CPU.Build.0 = Debug|Any CPU
		{1A84DB8D-DD0E-487A-A89D-02F437C403E9}.Release|Any CPU.ActiveCfg = Release|Any CPU
		{1A84DB8D-DD0E-487A-A89D-02F437C403E9}.Release|Any CPU.Build.0 = Release|Any CPU
	EndGlobalSection
	GlobalSection(SolutionProperties) = preSolution
		HideSolutionNode = FALSE
	EndGlobalSection
	GlobalSection(ExtensibilityGlobals) = postSolution
		SolutionGuid = {B21A734D-6795-4FB2-B70D-BB1FF205353E}
	EndGlobalSection
EndGlobal
